dependencies:
- name: cert-manager
  repository: https://charts.jetstack.io
  version: v1.18.2
- name: trust-manager
  repository: https://charts.jetstack.io
  version: v0.20.3
digest: sha256:099e9a10670858fb3a8650a22978467b459bbcf665005fc83bd8babb9af7b083
generated: "2025-12-10T19:12:46.144541937Z"
