dependencies:
- name: cert-manager
  repository: https://charts.jetstack.io
  version: v1.18.2
- name: trust-manager
  repository: https://charts.jetstack.io
  version: v0.19.0
digest: sha256:fbccfc16aa397130647d8112cac9f3cd8e6da25a035d9423ecb4cbe8edfe85a2
generated: "2025-09-03T19:10:31.939926057Z"
