dependencies:
- name: cert-manager
  repository: https://charts.jetstack.io
  version: v1.18.2
- name: trust-manager
  repository: https://charts.jetstack.io
  version: v0.20.2
digest: sha256:5b396045146a54a7e71001f2bd450e33f1482f478af76e5111f97cb3a0ac615e
generated: "2025-10-16T18:01:39.473203225Z"
